
Microsoft Visual Studio Solution File, Format Version 12.00
# Visual Studio Version 17
VisualStudioVersion = 17.1.32328.378
MinimumVisualStudioVersion = 10.0.40219.1
Project("{FAE04EC0-301F-11D3-BF4B-00C04F79EFBC}") = "CarrosGetSet", "CarrosGetSet\CarrosGetSet.csproj", "{00B27833-DAF1-4F4D-9EAB-74FF93A2D740}"
EndProject
Global
	GlobalSection(SolutionConfigurationPlatforms) = preSolution
		Debug|Any CPU = Debug|Any CPU
		Release|Any CPU = Release|Any CPU
	EndGlobalSection
	GlobalSection(ProjectConfigurationPlatforms) = postSolution
		{00B27833-DAF1-4F4D-9EAB-74FF93A2D740}.Debug|Any CPU.ActiveCfg = Debug|Any CPU
		{00B27833-DAF1-4F4D-9EAB-74FF93A2D740}.Debug|Any CPU.Build.0 = Debug|Any CPU
		{00B27833-DAF1-4F4D-9EAB-74FF93A2D740}.Release|Any CPU.ActiveCfg = Release|Any CPU
		{00B27833-DAF1-4F4D-9EAB-74FF93A2D740}.Release|Any CPU.Build.0 = Release|Any CPU
	EndGlobalSection
	GlobalSection(SolutionProperties) = preSolution
		HideSolutionNode = FALSE
	EndGlobalSection
	GlobalSection(ExtensibilityGlobals) = postSolution
		SolutionGuid = {EBF2B305-4399-48F2-B8FB-676CD907ACA1}
	EndGlobalSection
EndGlobal
